
Microsoft Visual Studio Solution File, Format Version 12.00
# Visual Studio Version 16
VisualStudioVersion = 16.0.29102.190
MinimumVisualStudioVersion = 10.0.40219.1
Project("{FAE04EC0-301F-11D3-BF4B-00C04F79EFBC}") = "OOPDesignPatternFinalProject", "OOPDesignPattternFinalProject\OOPDesignPatternFinalProject.csproj", "{FE936E30-3014-4712-A28B-5BD25F9541CE}"
EndProject
Global
	GlobalSection(SolutionConfigurationPlatforms) = preSolution
		Debug|Any CPU = Debug|Any CPU
		Release|Any CPU = Release|Any CPU
	EndGlobalSection
	GlobalSection(ProjectConfigurationPlatforms) = postSolution
		{FE936E30-3014-4712-A28B-5BD25F9541CE}.Debug|Any CPU.ActiveCfg = Debug|Any CPU
		{FE936E30-3014-4712-A28B-5BD25F9541CE}.Debug|Any CPU.Build.0 = Debug|Any CPU
		{FE936E30-3014-4712-A28B-5BD25F9541CE}.Release|Any CPU.ActiveCfg = Release|Any CPU
		{FE936E30-3014-4712-A28B-5BD25F9541CE}.Release|Any CPU.Build.0 = Release|Any CPU
	EndGlobalSection
	GlobalSection(SolutionProperties) = preSolution
		HideSolutionNode = FALSE
	EndGlobalSection
	GlobalSection(ExtensibilityGlobals) = postSolution
		SolutionGuid = {DF996C60-E9FC-428B-9E1A-DB7761C14863}
	EndGlobalSection
EndGlobal
