
Microsoft Visual Studio Solution File, Format Version 12.00
# Visual Studio Version 16
VisualStudioVersion = 16.0.29102.190
MinimumVisualStudioVersion = 10.0.40219.1
Project("{FAE04EC0-301F-11D3-BF4B-00C04F79EFBC}") = "AgendaDBFirst", "AgendaDBFirst\AgendaDBFirst.csproj", "{23DCB809-0AD0-4D3D-8375-161CE37536E3}"
EndProject
Global
	GlobalSection(SolutionConfigurationPlatforms) = preSolution
		Debug|Any CPU = Debug|Any CPU
		Release|Any CPU = Release|Any CPU
	EndGlobalSection
	GlobalSection(ProjectConfigurationPlatforms) = postSolution
		{23DCB809-0AD0-4D3D-8375-161CE37536E3}.Debug|Any CPU.ActiveCfg = Debug|Any CPU
		{23DCB809-0AD0-4D3D-8375-161CE37536E3}.Debug|Any CPU.Build.0 = Debug|Any CPU
		{23DCB809-0AD0-4D3D-8375-161CE37536E3}.Release|Any CPU.ActiveCfg = Release|Any CPU
		{23DCB809-0AD0-4D3D-8375-161CE37536E3}.Release|Any CPU.Build.0 = Release|Any CPU
	EndGlobalSection
	GlobalSection(SolutionProperties) = preSolution
		HideSolutionNode = FALSE
	EndGlobalSection
	GlobalSection(ExtensibilityGlobals) = postSolution
		SolutionGuid = {80548E75-3A22-400D-937D-AFE39BE4431D}
	EndGlobalSection
EndGlobal
